// !$*UTF8*$!
{
	archiveVersion = 1;
	classes = {
	};
	objectVersion = 56;
	objects = {

/* Begin PBXBuildFile section */
		CC44B6762C589AA600916C27 /* ACDS2_0App.swift in Sources */ = {isa = PBXBuildFile; fileRef = CC44B6752C589AA600916C27 /* ACDS2_0App.swift */; };
		CC44B6782C589AA600916C27 /* LoginView.swift in Sources */ = {isa = PBXBuildFile; fileRef = CC44B6772C589AA600916C27 /* LoginView.swift */; };
		CC44B67A2C589AA800916C27 /* Assets.xcassets in Resources */ = {isa = PBXBuildFile; fileRef = CC44B6792C589AA800916C27 /* Assets.xcassets */; };
		CC44B67D2C589AA800916C27 /* Preview Assets.xcassets in Resources */ = {isa = PBXBuildFile; fileRef = CC44B67C2C589AA800916C27 /* Preview Assets.xcassets */; };
		CC44B6842C589C9000916C27 /* logo.jpg in Resources */ = {isa = PBXBuildFile; fileRef = CC44B6832C589C9000916C27 /* logo.jpg */; };
		CC60DA0C2C5A9F5F0014F5F3 /* UserData.swift in Sources */ = {isa = PBXBuildFile; fileRef = CC60DA0B2C5A9F5F0014F5F3 /* UserData.swift */; };
		CC60DA0F2C5AA70A0014F5F3 /* FirstRegisterView.swift in Sources */ = {isa = PBXBuildFile; fileRef = CC60DA0E2C5AA70A0014F5F3 /* FirstRegisterView.swift */; };
		CC60DA112C5AA7F80014F5F3 /* SecondRegisterView.swift in Sources */ = {isa = PBXBuildFile; fileRef = CC60DA102C5AA7F80014F5F3 /* SecondRegisterView.swift */; };
		CC60DA132C5AA83E0014F5F3 /* CodeVerifyView.swift in Sources */ = {isa = PBXBuildFile; fileRef = CC60DA122C5AA83E0014F5F3 /* CodeVerifyView.swift */; };
		CC60DA152C5AA9370014F5F3 /* ProfileView.swift in Sources */ = {isa = PBXBuildFile; fileRef = CC60DA142C5AA9370014F5F3 /* ProfileView.swift */; };
		CC60DA172C5AA96C0014F5F3 /* HomeView.swift in Sources */ = {isa = PBXBuildFile; fileRef = CC60DA162C5AA96C0014F5F3 /* HomeView.swift */; };
		CC60DA192C5AA9C90014F5F3 /* MainView.swift in Sources */ = {isa = PBXBuildFile; fileRef = CC60DA182C5AA9C90014F5F3 /* MainView.swift */; };
		CC60DA1B2C5B8E100014F5F3 /* PassRecoverView.swift in Sources */ = {isa = PBXBuildFile; fileRef = CC60DA1A2C5B8E100014F5F3 /* PassRecoverView.swift */; };
		CCF2F7DC2C65EAF6006F3333 /* MechanicHome.swift in Sources */ = {isa = PBXBuildFile; fileRef = CCF2F7DB2C65EAF6006F3333 /* MechanicHome.swift */; };
		CCF2F7DE2C65EBB0006F3333 /* OrdersView.swift in Sources */ = {isa = PBXBuildFile; fileRef = CCF2F7DD2C65EBB0006F3333 /* OrdersView.swift */; };
		CCF2F7E22C6800E1006F3333 /* QRCodeGenerate.swift in Sources */ = {isa = PBXBuildFile; fileRef = CCF2F7E12C6800E1006F3333 /* QRCodeGenerate.swift */; };
		CCF2F7E42C6814DA006F3333 /* AppointmentsView.swift in Sources */ = {isa = PBXBuildFile; fileRef = CCF2F7E32C6814D9006F3333 /* AppointmentsView.swift */; };
		CCF2F7E62C683148006F3333 /* AppointmentsDetailView.swift in Sources */ = {isa = PBXBuildFile; fileRef = CCF2F7E52C683148006F3333 /* AppointmentsDetailView.swift */; };
		CCF3CB152C61AA3900E694BB /* CarData.swift in Sources */ = {isa = PBXBuildFile; fileRef = CCF3CB142C61AA3900E694BB /* CarData.swift */; };
		CCF3CB172C61E6EA00E694BB /* CarDetailView.swift in Sources */ = {isa = PBXBuildFile; fileRef = CCF3CB162C61E6EA00E694BB /* CarDetailView.swift */; };
/* End PBXBuildFile section */

/* Begin PBXFileReference section */
		CC44B6722C589AA600916C27 /* ACDS2.0.app */ = {isa = PBXFileReference; explicitFileType = wrapper.application; includeInIndex = 0; path = ACDS2.0.app; sourceTree = BUILT_PRODUCTS_DIR; };
		CC44B6752C589AA600916C27 /* ACDS2_0App.swift */ = {isa = PBXFileReference; lastKnownFileType = sourcecode.swift; path = ACDS2_0App.swift; sourceTree = "<group>"; };
		CC44B6772C589AA600916C27 /* LoginView.swift */ = {isa = PBXFileReference; lastKnownFileType = sourcecode.swift; path = LoginView.swift; sourceTree = "<group>"; };
		CC44B6792C589AA800916C27 /* Assets.xcassets */ = {isa = PBXFileReference; lastKnownFileType = folder.assetcatalog; path = Assets.xcassets; sourceTree = "<group>"; };
		CC44B67C2C589AA800916C27 /* Preview Assets.xcassets */ = {isa = PBXFileReference; lastKnownFileType = folder.assetcatalog; path = "Preview Assets.xcassets"; sourceTree = "<group>"; };
		CC44B6832C589C9000916C27 /* logo.jpg */ = {isa = PBXFileReference; lastKnownFileType = image.jpeg; path = logo.jpg; sourceTree = "<group>"; };
		CC60DA0B2C5A9F5F0014F5F3 /* UserData.swift */ = {isa = PBXFileReference; lastKnownFileType = sourcecode.swift; path = UserData.swift; sourceTree = "<group>"; };
		CC60DA0E2C5AA70A0014F5F3 /* FirstRegisterView.swift */ = {isa = PBXFileReference; lastKnownFileType = sourcecode.swift; path = FirstRegisterView.swift; sourceTree = "<group>"; };
		CC60DA102C5AA7F80014F5F3 /* SecondRegisterView.swift */ = {isa = PBXFileReference; lastKnownFileType = sourcecode.swift; path = SecondRegisterView.swift; sourceTree = "<group>"; };
		CC60DA122C5AA83E0014F5F3 /* CodeVerifyView.swift */ = {isa = PBXFileReference; lastKnownFileType = sourcecode.swift; path = CodeVerifyView.swift; sourceTree = "<group>"; };
		CC60DA142C5AA9370014F5F3 /* ProfileView.swift */ = {isa = PBXFileReference; lastKnownFileType = sourcecode.swift; path = ProfileView.swift; sourceTree = "<group>"; };
		CC60DA162C5AA96C0014F5F3 /* HomeView.swift */ = {isa = PBXFileReference; lastKnownFileType = sourcecode.swift; path = HomeView.swift; sourceTree = "<group>"; };
		CC60DA182C5AA9C90014F5F3 /* MainView.swift */ = {isa = PBXFileReference; lastKnownFileType = sourcecode.swift; path = MainView.swift; sourceTree = "<group>"; };
		CC60DA1A2C5B8E100014F5F3 /* PassRecoverView.swift */ = {isa = PBXFileReference; lastKnownFileType = sourcecode.swift; path = PassRecoverView.swift; sourceTree = "<group>"; };
		CCF2F7DB2C65EAF6006F3333 /* MechanicHome.swift */ = {isa = PBXFileReference; lastKnownFileType = sourcecode.swift; path = MechanicHome.swift; sourceTree = "<group>"; };
		CCF2F7DD2C65EBB0006F3333 /* OrdersView.swift */ = {isa = PBXFileReference; lastKnownFileType = sourcecode.swift; path = OrdersView.swift; sourceTree = "<group>"; };
		CCF2F7E12C6800E1006F3333 /* QRCodeGenerate.swift */ = {isa = PBXFileReference; lastKnownFileType = sourcecode.swift; path = QRCodeGenerate.swift; sourceTree = "<group>"; };
		CCF2F7E32C6814D9006F3333 /* AppointmentsView.swift */ = {isa = PBXFileReference; lastKnownFileType = sourcecode.swift; path = AppointmentsView.swift; sourceTree = "<group>"; };
		CCF2F7E52C683148006F3333 /* AppointmentsDetailView.swift */ = {isa = PBXFileReference; lastKnownFileType = sourcecode.swift; path = AppointmentsDetailView.swift; sourceTree = "<group>"; };
		CCF3CB142C61AA3900E694BB /* CarData.swift */ = {isa = PBXFileReference; lastKnownFileType = sourcecode.swift; path = CarData.swift; sourceTree = "<group>"; };
		CCF3CB162C61E6EA00E694BB /* CarDetailView.swift */ = {isa = PBXFileReference; lastKnownFileType = sourcecode.swift; path = CarDetailView.swift; sourceTree = "<group>"; };
/* End PBXFileReference section */

/* Begin PBXFrameworksBuildPhase section */
		CC44B66F2C589AA600916C27 /* Frameworks */ = {
			isa = PBXFrameworksBuildPhase;
			buildActionMask = 2147483647;
			files = (
			);
			runOnlyForDeploymentPostprocessing = 0;
		};
/* End PBXFrameworksBuildPhase section */

/* Begin PBXGroup section */
		CC44B6692C589AA600916C27 = {
			isa = PBXGroup;
			children = (
				CC44B6742C589AA600916C27 /* ACDS2.0 */,
				CC44B6732C589AA600916C27 /* Products */,
			);
			sourceTree = "<group>";
		};
		CC44B6732C589AA600916C27 /* Products */ = {
			isa = PBXGroup;
			children = (
				CC44B6722C589AA600916C27 /* ACDS2.0.app */,
			);
			name = Products;
			sourceTree = "<group>";
		};
		CC44B6742C589AA600916C27 /* ACDS2.0 */ = {
			isa = PBXGroup;
			children = (
				CCF2F7E02C6800A0006F3333 /* Helpers */,
				CC44B6832C589C9000916C27 /* logo.jpg */,
				CC60DA0D2C5AA6980014F5F3 /* Views */,
				CC60DA0A2C5A9F450014F5F3 /* Data */,
				CC44B6752C589AA600916C27 /* ACDS2_0App.swift */,
				CC44B6792C589AA800916C27 /* Assets.xcassets */,
				CC44B67B2C589AA800916C27 /* Preview Content */,
			);
			path = ACDS2.0;
			sourceTree = "<group>";
		};
		CC44B67B2C589AA800916C27 /* Preview Content */ = {
			isa = PBXGroup;
			children = (
				CC44B67C2C589AA800916C27 /* Preview Assets.xcassets */,
			);
			path = "Preview Content";
			sourceTree = "<group>";
		};
		CC60DA0A2C5A9F450014F5F3 /* Data */ = {
			isa = PBXGroup;
			children = (
				CC60DA0B2C5A9F5F0014F5F3 /* UserData.swift */,
				CCF3CB142C61AA3900E694BB /* CarData.swift */,
			);
			path = Data;
			sourceTree = "<group>";
		};
		CC60DA0D2C5AA6980014F5F3 /* Views */ = {
			isa = PBXGroup;
			children = (
				CC44B6772C589AA600916C27 /* LoginView.swift */,
				CC60DA0E2C5AA70A0014F5F3 /* FirstRegisterView.swift */,
				CC60DA102C5AA7F80014F5F3 /* SecondRegisterView.swift */,
				CC60DA122C5AA83E0014F5F3 /* CodeVerifyView.swift */,
				CC60DA142C5AA9370014F5F3 /* ProfileView.swift */,
				CC60DA162C5AA96C0014F5F3 /* HomeView.swift */,
				CC60DA182C5AA9C90014F5F3 /* MainView.swift */,
				CC60DA1A2C5B8E100014F5F3 /* PassRecoverView.swift */,
				CCF3CB162C61E6EA00E694BB /* CarDetailView.swift */,
				CCF2F7DB2C65EAF6006F3333 /* MechanicHome.swift */,
				CCF2F7DD2C65EBB0006F3333 /* OrdersView.swift */,
				CCF2F7E32C6814D9006F3333 /* AppointmentsView.swift */,
				CCF2F7E52C683148006F3333 /* AppointmentsDetailView.swift */,
			);
			path = Views;
			sourceTree = "<group>";
		};
		CCF2F7E02C6800A0006F3333 /* Helpers */ = {
			isa = PBXGroup;
			children = (
				CCF2F7E12C6800E1006F3333 /* QRCodeGenerate.swift */,
			);
			path = Helpers;
			sourceTree = "<group>";
		};
/* End PBXGroup section */

/* Begin PBXNativeTarget section */
		CC44B6712C589AA600916C27 /* ACDS2.0 */ = {
			isa = PBXNativeTarget;
			buildConfigurationList = CC44B6802C589AA800916C27 /* Build configuration list for PBXNativeTarget "ACDS2.0" */;
			buildPhases = (
				CC44B66E2C589AA600916C27 /* Sources */,
				CC44B66F2C589AA600916C27 /* Frameworks */,
				CC44B6702C589AA600916C27 /* Resources */,
			);
			buildRules = (
			);
			dependencies = (
			);
			name = ACDS2.0;
			productName = ACDS2.0;
			productReference = CC44B6722C589AA600916C27 /* ACDS2.0.app */;
			productType = "com.apple.product-type.application";
		};
/* End PBXNativeTarget section */

/* Begin PBXProject section */
		CC44B66A2C589AA600916C27 /* Project object */ = {
			isa = PBXProject;
			attributes = {
				BuildIndependentTargetsInParallel = 1;
				LastSwiftUpdateCheck = 1540;
				LastUpgradeCheck = 1540;
				TargetAttributes = {
					CC44B6712C589AA600916C27 = {
						CreatedOnToolsVersion = 15.4;
					};
				};
			};
			buildConfigurationList = CC44B66D2C589AA600916C27 /* Build configuration list for PBXProject "ACDS2.0" */;
			compatibilityVersion = "Xcode 14.0";
			developmentRegion = en;
			hasScannedForEncodings = 0;
			knownRegions = (
				en,
				Base,
			);
			mainGroup = CC44B6692C589AA600916C27;
			productRefGroup = CC44B6732C589AA600916C27 /* Products */;
			projectDirPath = "";
			projectRoot = "";
			targets = (
				CC44B6712C589AA600916C27 /* ACDS2.0 */,
			);
		};
/* End PBXProject section */

/* Begin PBXResourcesBuildPhase section */
		CC44B6702C589AA600916C27 /* Resources */ = {
			isa = PBXResourcesBuildPhase;
			buildActionMask = 2147483647;
			files = (
				CC44B67D2C589AA800916C27 /* Preview Assets.xcassets in Resources */,
				CC44B6842C589C9000916C27 /* logo.jpg in Resources */,
				CC44B67A2C589AA800916C27 /* Assets.xcassets in Resources */,
			);
			runOnlyForDeploymentPostprocessing = 0;
		};
/* End PBXResourcesBuildPhase section */

/* Begin PBXSourcesBuildPhase section */
		CC44B66E2C589AA600916C27 /* Sources */ = {
			isa = PBXSourcesBuildPhase;
			buildActionMask = 2147483647;
			files = (
				CCF2F7DC2C65EAF6006F3333 /* MechanicHome.swift in Sources */,
				CC60DA172C5AA96C0014F5F3 /* HomeView.swift in Sources */,
				CC60DA152C5AA9370014F5F3 /* ProfileView.swift in Sources */,
				CCF3CB152C61AA3900E694BB /* CarData.swift in Sources */,
				CC60DA0F2C5AA70A0014F5F3 /* FirstRegisterView.swift in Sources */,
				CC60DA192C5AA9C90014F5F3 /* MainView.swift in Sources */,
				CC60DA1B2C5B8E100014F5F3 /* PassRecoverView.swift in Sources */,
				CCF2F7DE2C65EBB0006F3333 /* OrdersView.swift in Sources */,
				CC44B6782C589AA600916C27 /* LoginView.swift in Sources */,
				CC60DA132C5AA83E0014F5F3 /* CodeVerifyView.swift in Sources */,
				CC60DA112C5AA7F80014F5F3 /* SecondRegisterView.swift in Sources */,
				CC60DA0C2C5A9F5F0014F5F3 /* UserData.swift in Sources */,
				CCF3CB172C61E6EA00E694BB /* CarDetailView.swift in Sources */,
				CCF2F7E22C6800E1006F3333 /* QRCodeGenerate.swift in Sources */,
				CCF2F7E42C6814DA006F3333 /* AppointmentsView.swift in Sources */,
				CC44B6762C589AA600916C27 /* ACDS2_0App.swift in Sources */,
				CCF2F7E62C683148006F3333 /* AppointmentsDetailView.swift in Sources */,
			);
			runOnlyForDeploymentPostprocessing = 0;
		};
/* End PBXSourcesBuildPhase section */

/* Begin XCBuildConfiguration section */
		CC44B67E2C589AA800916C27 /* Debug */ = {
			isa = XCBuildConfiguration;
			buildSettings = {
				ALWAYS_SEARCH_USER_PATHS = NO;
				ASSETCATALOG_COMPILER_GENERATE_SWIFT_ASSET_SYMBOL_EXTENSIONS = YES;
				CLANG_ANALYZER_NONNULL = YES;
				CLANG_ANALYZER_NUMBER_OBJECT_CONVERSION = YES_AGGRESSIVE;
				CLANG_CXX_LANGUAGE_STANDARD = "gnu++20";
				CLANG_ENABLE_MODULES = YES;
				CLANG_ENABLE_OBJC_ARC = YES;
				CLANG_ENABLE_OBJC_WEAK = YES;
				CLANG_WARN_BLOCK_CAPTURE_AUTORELEASING = YES;
				CLANG_WARN_BOOL_CONVERSION = YES;
				CLANG_WARN_COMMA = YES;
				CLANG_WARN_CONSTANT_CONVERSION = YES;
				CLANG_WARN_DEPRECATED_OBJC_IMPLEMENTATIONS = YES;
				CLANG_WARN_DIRECT_OBJC_ISA_USAGE = YES_ERROR;
				CLANG_WARN_DOCUMENTATION_COMMENTS = YES;
				CLANG_WARN_EMPTY_BODY = YES;
				CLANG_WARN_ENUM_CONVERSION = YES;
				CLANG_WARN_INFINITE_RECURSION = YES;
				CLANG_WARN_INT_CONVERSION = YES;
				CLANG_WARN_NON_LITERAL_NULL_CONVERSION = YES;
				CLANG_WARN_OBJC_IMPLICIT_RETAIN_SELF = YES;
				CLANG_WARN_OBJC_LITERAL_CONVERSION = YES;
				CLANG_WARN_OBJC_ROOT_CLASS = YES_ERROR;
				CLANG_WARN_QUOTED_INCLUDE_IN_FRAMEWORK_HEADER = YES;
				CLANG_WARN_RANGE_LOOP_ANALYSIS = YES;
				CLANG_WARN_STRICT_PROTOTYPES = YES;
				CLANG_WARN_SUSPICIOUS_MOVE = YES;
				CLANG_WARN_UNGUARDED_AVAILABILITY = YES_AGGRESSIVE;
				CLANG_WARN_UNREACHABLE_CODE = YES;
				CLANG_WARN__DUPLICATE_METHOD_MATCH = YES;
				COPY_PHASE_STRIP = NO;
				DEBUG_INFORMATION_FORMAT = dwarf;
				ENABLE_STRICT_OBJC_MSGSEND = YES;
				ENABLE_TESTABILITY = YES;
				ENABLE_USER_SCRIPT_SANDBOXING = YES;
				GCC_C_LANGUAGE_STANDARD = gnu17;
				GCC_DYNAMIC_NO_PIC = NO;
				GCC_NO_COMMON_BLOCKS = YES;
				GCC_OPTIMIZATION_LEVEL = 0;
				GCC_PREPROCESSOR_DEFINITIONS = (
					"DEBUG=1",
					"$(inherited)",
				);
				GCC_WARN_64_TO_32_BIT_CONVERSION = YES;
				GCC_WARN_ABOUT_RETURN_TYPE = YES_ERROR;
				GCC_WARN_UNDECLARED_SELECTOR = YES;
				GCC_WARN_UNINITIALIZED_AUTOS = YES_AGGRESSIVE;
				GCC_WARN_UNUSED_FUNCTION = YES;
				GCC_WARN_UNUSED_VARIABLE = YES;
				IPHONEOS_DEPLOYMENT_TARGET = 17.5;
				LOCALIZATION_PREFERS_STRING_CATALOGS = YES;
				MTL_ENABLE_DEBUG_INFO = INCLUDE_SOURCE;
				MTL_FAST_MATH = YES;
				ONLY_ACTIVE_ARCH = YES;
				SDKROOT = iphoneos;
				SWIFT_ACTIVE_COMPILATION_CONDITIONS = "DEBUG $(inherited)";
				SWIFT_OPTIMIZATION_LEVEL = "-Onone";
			};
			name = Debug;
		};
		CC44B67F2C589AA800916C27 /* Release */ = {
			isa = XCBuildConfiguration;
			buildSettings = {
				ALWAYS_SEARCH_USER_PATHS = NO;
				ASSETCATALOG_COMPILER_GENERATE_SWIFT_ASSET_SYMBOL_EXTENSIONS = YES;
				CLANG_ANALYZER_NONNULL = YES;
				CLANG_ANALYZER_NUMBER_OBJECT_CONVERSION = YES_AGGRESSIVE;
				CLANG_CXX_LANGUAGE_STANDARD = "gnu++20";
				CLANG_ENABLE_MODULES = YES;
				CLANG_ENABLE_OBJC_ARC = YES;
				CLANG_ENABLE_OBJC_WEAK = YES;
				CLANG_WARN_BLOCK_CAPTURE_AUTORELEASING = YES;
				CLANG_WARN_BOOL_CONVERSION = YES;
				CLANG_WARN_COMMA = YES;
				CLANG_WARN_CONSTANT_CONVERSION = YES;
				CLANG_WARN_DEPRECATED_OBJC_IMPLEMENTATIONS = YES;
				CLANG_WARN_DIRECT_OBJC_ISA_USAGE = YES_ERROR;
				CLANG_WARN_DOCUMENTATION_COMMENTS = YES;
				CLANG_WARN_EMPTY_BODY = YES;
				CLANG_WARN_ENUM_CONVERSION = YES;
				CLANG_WARN_INFINITE_RECURSION = YES;
				CLANG_WARN_INT_CONVERSION = YES;
				CLANG_WARN_NON_LITERAL_NULL_CONVERSION = YES;
				CLANG_WARN_OBJC_IMPLICIT_RETAIN_SELF = YES;
				CLANG_WARN_OBJC_LITERAL_CONVERSION = YES;
				CLANG_WARN_OBJC_ROOT_CLASS = YES_ERROR;
				CLANG_WARN_QUOTED_INCLUDE_IN_FRAMEWORK_HEADER = YES;
				CLANG_WARN_RANGE_LOOP_ANALYSIS = YES;
				CLANG_WARN_STRICT_PROTOTYPES = YES;
				CLANG_WARN_SUSPICIOUS_MOVE = YES;
				CLANG_WARN_UNGUARDED_AVAILABILITY = YES_AGGRESSIVE;
				CLANG_WARN_UNREACHABLE_CODE = YES;
				CLANG_WARN__DUPLICATE_METHOD_MATCH = YES;
				COPY_PHASE_STRIP = NO;
				DEBUG_INFORMATION_FORMAT = "dwarf-with-dsym";
				ENABLE_NS_ASSERTIONS = NO;
				ENABLE_STRICT_OBJC_MSGSEND = YES;
				ENABLE_USER_SCRIPT_SANDBOXING = YES;
				GCC_C_LANGUAGE_STANDARD = gnu17;
				GCC_NO_COMMON_BLOCKS = YES;
				GCC_WARN_64_TO_32_BIT_CONVERSION = YES;
				GCC_WARN_ABOUT_RETURN_TYPE = YES_ERROR;
				GCC_WARN_UNDECLARED_SELECTOR = YES;
				GCC_WARN_UNINITIALIZED_AUTOS = YES_AGGRESSIVE;
				GCC_WARN_UNUSED_FUNCTION = YES;
				GCC_WARN_UNUSED_VARIABLE = YES;
				IPHONEOS_DEPLOYMENT_TARGET = 17.5;
				LOCALIZATION_PREFERS_STRING_CATALOGS = YES;
				MTL_ENABLE_DEBUG_INFO = NO;
				MTL_FAST_MATH = YES;
				SDKROOT = iphoneos;
				SWIFT_COMPILATION_MODE = wholemodule;
				VALIDATE_PRODUCT = YES;
			};
			name = Release;
		};
		CC44B6812C589AA800916C27 /* Debug */ = {
			isa = XCBuildConfiguration;
			buildSettings = {
				ASSETCATALOG_COMPILER_APPICON_NAME = AppIcon;
				ASSETCATALOG_COMPILER_GLOBAL_ACCENT_COLOR_NAME = AccentColor;
				CODE_SIGN_ENTITLEMENTS = "";
				CODE_SIGN_IDENTITY = "Apple Development";
				CODE_SIGN_STYLE = Automatic;
				CURRENT_PROJECT_VERSION = 1;
				DEVELOPMENT_ASSET_PATHS = "\"ACDS2.0/Preview Content\"";
				DEVELOPMENT_TEAM = VA99BS647B;
				ENABLE_PREVIEWS = YES;
				GENERATE_INFOPLIST_FILE = YES;
				INFOPLIST_KEY_UIApplicationSceneManifest_Generation = YES;
				INFOPLIST_KEY_UIApplicationSupportsIndirectInputEvents = YES;
				INFOPLIST_KEY_UILaunchScreen_Generation = YES;
				INFOPLIST_KEY_UISupportedInterfaceOrientations = UIInterfaceOrientationPortrait;
				LD_RUNPATH_SEARCH_PATHS = (
					"$(inherited)",
					"@executable_path/Frameworks",
				);
				MARKETING_VERSION = 1.0;
				PRODUCT_BUNDLE_IDENTIFIER = "Talibanes.ACDS2-0";
				PRODUCT_NAME = "$(TARGET_NAME)";
				PROVISIONING_PROFILE_SPECIFIER = "";
				SUPPORTED_PLATFORMS = "iphoneos iphonesimulator";
				SUPPORTS_MACCATALYST = NO;
				SUPPORTS_MAC_DESIGNED_FOR_IPHONE_IPAD = NO;
				SUPPORTS_XR_DESIGNED_FOR_IPHONE_IPAD = NO;
				SWIFT_EMIT_LOC_STRINGS = YES;
				SWIFT_VERSION = 5.0;
				TARGETED_DEVICE_FAMILY = "1,2";
			};
			name = Debug;
		};
		CC44B6822C589AA800916C27 /* Release */ = {
			isa = XCBuildConfiguration;
			buildSettings = {
				ASSETCATALOG_COMPILER_APPICON_NAME = AppIcon;
				ASSETCATALOG_COMPILER_GLOBAL_ACCENT_COLOR_NAME = AccentColor;
				CODE_SIGN_ENTITLEMENTS = "";
				CODE_SIGN_IDENTITY = "Apple Development";
				CODE_SIGN_STYLE = Automatic;
				CURRENT_PROJECT_VERSION = 1;
				DEVELOPMENT_ASSET_PATHS = "\"ACDS2.0/Preview Content\"";
				DEVELOPMENT_TEAM = VA99BS647B;
				ENABLE_PREVIEWS = YES;
				GENERATE_INFOPLIST_FILE = YES;
				INFOPLIST_KEY_UIApplicationSceneManifest_Generation = YES;
				INFOPLIST_KEY_UIApplicationSupportsIndirectInputEvents = YES;
				INFOPLIST_KEY_UILaunchScreen_Generation = YES;
				INFOPLIST_KEY_UISupportedInterfaceOrientations = UIInterfaceOrientationPortrait;
				LD_RUNPATH_SEARCH_PATHS = (
					"$(inherited)",
					"@executable_path/Frameworks",
				);
				MARKETING_VERSION = 1.0;
				PRODUCT_BUNDLE_IDENTIFIER = "Talibanes.ACDS2-0";
				PRODUCT_NAME = "$(TARGET_NAME)";
				PROVISIONING_PROFILE_SPECIFIER = "";
				SUPPORTED_PLATFORMS = "iphoneos iphonesimulator";
				SUPPORTS_MACCATALYST = NO;
				SUPPORTS_MAC_DESIGNED_FOR_IPHONE_IPAD = NO;
				SUPPORTS_XR_DESIGNED_FOR_IPHONE_IPAD = NO;
				SWIFT_EMIT_LOC_STRINGS = YES;
				SWIFT_VERSION = 5.0;
				TARGETED_DEVICE_FAMILY = "1,2";
			};
			name = Release;
		};
/* End XCBuildConfiguration section */

/* Begin XCConfigurationList section */
		CC44B66D2C589AA600916C27 /* Build configuration list for PBXProject "ACDS2.0" */ = {
			isa = XCConfigurationList;
			buildConfigurations = (
				CC44B67E2C589AA800916C27 /* Debug */,
				CC44B67F2C589AA800916C27 /* Release */,
			);
			defaultConfigurationIsVisible = 0;
			defaultConfigurationName = Release;
		};
		CC44B6802C589AA800916C27 /* Build configuration list for PBXNativeTarget "ACDS2.0" */ = {
			isa = XCConfigurationList;
			buildConfigurations = (
				CC44B6812C589AA800916C27 /* Debug */,
				CC44B6822C589AA800916C27 /* Release */,
			);
			defaultConfigurationIsVisible = 0;
			defaultConfigurationName = Release;
		};
/* End XCConfigurationList section */
	};
	rootObject = CC44B66A2C589AA600916C27 /* Project object */;
}
